
Microsoft Visual Studio Solution File, Format Version 12.00
# Visual Studio Version 17
VisualStudioVersion = 17.1.32421.90
MinimumVisualStudioVersion = 10.0.40219.1
Project("{FAE04EC0-301F-11D3-BF4B-00C04F79EFBC}") = "BasicSystem.Api", "BasicSystem.Api\BasicSystem.Api.csproj", "{409AA091-F185-4C93-B8F5-2D21970BC6AA}"
EndProject
Global
	GlobalSection(SolutionConfigurationPlatforms) = preSolution
		Debug|Any CPU = Debug|Any CPU
		Release|Any CPU = Release|Any CPU
	EndGlobalSection
	GlobalSection(ProjectConfigurationPlatforms) = postSolution
		{409AA091-F185-4C93-B8F5-2D21970BC6AA}.Debug|Any CPU.ActiveCfg = Debug|Any CPU
		{409AA091-F185-4C93-B8F5-2D21970BC6AA}.Debug|Any CPU.Build.0 = Debug|Any CPU
		{409AA091-F185-4C93-B8F5-2D21970BC6AA}.Release|Any CPU.ActiveCfg = Release|Any CPU
		{409AA091-F185-4C93-B8F5-2D21970BC6AA}.Release|Any CPU.Build.0 = Release|Any CPU
	EndGlobalSection
	GlobalSection(SolutionProperties) = preSolution
		HideSolutionNode = FALSE
	EndGlobalSection
	GlobalSection(ExtensibilityGlobals) = postSolution
		SolutionGuid = {9CF94D00-DEC9-4615-8727-21DA969BF006}
	EndGlobalSection
EndGlobal
